
Microsoft Visual Studio Solution File, Format Version 12.00
# Visual Studio 15
VisualStudioVersion = 15.0.26430.16
MinimumVisualStudioVersion = 10.0.40219.1
Project("{9A19103F-16F7-4668-BE54-9A1E7A4F7556}") = "01-FirstStep", "01-FirstStep\01-FirstStep.csproj", "{50C22AA1-9476-4B8E-998D-10B89547FE95}"
EndProject
Global
	GlobalSection(SolutionConfigurationPlatforms) = preSolution
		Debug|Any CPU = Debug|Any CPU
		Release|Any CPU = Release|Any CPU
	EndGlobalSection
	GlobalSection(ProjectConfigurationPlatforms) = postSolution
		{50C22AA1-9476-4B8E-998D-10B89547FE95}.Debug|Any CPU.ActiveCfg = Debug|Any CPU
		{50C22AA1-9476-4B8E-998D-10B89547FE95}.Debug|Any CPU.Build.0 = Debug|Any CPU
		{50C22AA1-9476-4B8E-998D-10B89547FE95}.Release|Any CPU.ActiveCfg = Release|Any CPU
		{50C22AA1-9476-4B8E-998D-10B89547FE95}.Release|Any CPU.Build.0 = Release|Any CPU
	EndGlobalSection
	GlobalSection(SolutionProperties) = preSolution
		HideSolutionNode = FALSE
	EndGlobalSection
	GlobalSection(ExtensibilityGlobals) = postSolution
		SolutionGuid = {1D0C57DD-7DC8-473D-8774-B5C71BF3316B}
	EndGlobalSection
EndGlobal
